
Microsoft Visual Studio Solution File, Format Version 12.00
# Visual Studio Version 17
VisualStudioVersion = 17.7.34031.279
MinimumVisualStudioVersion = 10.0.40219.1
Project("{FAE04EC0-301F-11D3-BF4B-00C04F79EFBC}") = "BooleanTrainer", "BooleanTrainer\BooleanTrainer.csproj", "{982F7AA3-46A7-49B4-BACC-5D88949BD129}"
EndProject
Global
	GlobalSection(SolutionConfigurationPlatforms) = preSolution
		Debug|Any CPU = Debug|Any CPU
		Release|Any CPU = Release|Any CPU
	EndGlobalSection
	GlobalSection(ProjectConfigurationPlatforms) = postSolution
		{982F7AA3-46A7-49B4-BACC-5D88949BD129}.Debug|Any CPU.ActiveCfg = Debug|Any CPU
		{982F7AA3-46A7-49B4-BACC-5D88949BD129}.Debug|Any CPU.Build.0 = Debug|Any CPU
		{982F7AA3-46A7-49B4-BACC-5D88949BD129}.Release|Any CPU.ActiveCfg = Release|Any CPU
		{982F7AA3-46A7-49B4-BACC-5D88949BD129}.Release|Any CPU.Build.0 = Release|Any CPU
	EndGlobalSection
	GlobalSection(SolutionProperties) = preSolution
		HideSolutionNode = FALSE
	EndGlobalSection
	GlobalSection(ExtensibilityGlobals) = postSolution
		SolutionGuid = {8C3A695C-3992-48FE-A144-43D5CA128198}
	EndGlobalSection
EndGlobal
